{
    "requires": true,
    "lockfileVersion": 1,
    "dependencies": {
        "jquery": {
            "version": "3.3.1",
            "resolved": "https://registry.npmjs.org/jquery/-/jquery-3.3.1.tgz",
            "integrity": "sha512-Ubldcmxp5np52/ENotGxlLe6aGMvmF4R8S6tZjsP6Knsaxd/xp3Zrh50cG93lR6nPXyUFwzN3ZSOQI0wRJNdGg=="
        },
        "jquery-ui": {
            "version": "1.12.1",
            "resolved": "https://registry.npmjs.org/jquery-ui/-/jquery-ui-1.12.1.tgz",
            "integrity": "sha1-vLQEXI3QU5wTS8FIjN0+dop6nlE="
        },
        "jquery-ui-dist": {
            "version": "1.12.1",
            "resolved": "https://registry.npmjs.org/jquery-ui-dist/-/jquery-ui-dist-1.12.1.tgz",
            "integrity": "sha1-XAgV08xvkP9fqvWyaKbiO0ypBPo=",
            "optional": true
        },
        "simpler-sidebar": {
            "version": "2.2.5",
            "resolved": "https://registry.npmjs.org/simpler-sidebar/-/simpler-sidebar-2.2.5.tgz",
            "integrity": "sha512-5+e3ETCJ0+s0cixxEmx04GtD3QeacK9s5zP06Xm0t4q3b8pyYqOTIxGp/tzIuOKy99t7nsC60C8VpPUTZ5QNVA==",
            "requires": {
                "jquery": "3.3.1",
                "jquery-ui": "1.12.1",
                "jquery-ui-dist": "1.12.1"
            }
        }
    }
}
